
Microsoft Visual Studio Solution File, Format Version 12.00
Project("{FAE04EC0-301F-11D3-BF4B-00C04F79EFBC}") = "SecretaryProblem2", "SecretaryProblem2.csproj", "{520A4AF2-0FF5-405A-A270-58B4A2B410D6}"
EndProject
Project("{FAE04EC0-301F-11D3-BF4B-00C04F79EFBC}") = "SecretaryProblem3", "..\SecretaryProblemLab3\SecretaryProblem3\SecretaryProblem3.csproj", "{D64F10C4-E8C3-47DE-9CAB-E96439E35DD1}"
EndProject
Global
	GlobalSection(SolutionConfigurationPlatforms) = preSolution
		Debug|Any CPU = Debug|Any CPU
		Release|Any CPU = Release|Any CPU
	EndGlobalSection
	GlobalSection(ProjectConfigurationPlatforms) = postSolution
		{520A4AF2-0FF5-405A-A270-58B4A2B410D6}.Debug|Any CPU.ActiveCfg = Debug|Any CPU
		{520A4AF2-0FF5-405A-A270-58B4A2B410D6}.Debug|Any CPU.Build.0 = Debug|Any CPU
		{520A4AF2-0FF5-405A-A270-58B4A2B410D6}.Release|Any CPU.ActiveCfg = Release|Any CPU
		{520A4AF2-0FF5-405A-A270-58B4A2B410D6}.Release|Any CPU.Build.0 = Release|Any CPU
		{D64F10C4-E8C3-47DE-9CAB-E96439E35DD1}.Debug|Any CPU.ActiveCfg = Debug|Any CPU
		{D64F10C4-E8C3-47DE-9CAB-E96439E35DD1}.Debug|Any CPU.Build.0 = Debug|Any CPU
		{D64F10C4-E8C3-47DE-9CAB-E96439E35DD1}.Release|Any CPU.ActiveCfg = Release|Any CPU
		{D64F10C4-E8C3-47DE-9CAB-E96439E35DD1}.Release|Any CPU.Build.0 = Release|Any CPU
	EndGlobalSection
EndGlobal
